
Microsoft Visual Studio Solution File, Format Version 12.00
# Visual Studio Version 16
VisualStudioVersion = 16.0.32228.343
MinimumVisualStudioVersion = 10.0.40219.1
Project("{FAE04EC0-301F-11D3-BF4B-00C04F79EFBC}") = "MVC_Store", "MVC_Store\MVC_Store.csproj", "{42DF2588-878E-414E-8385-81321E9D5D92}"
EndProject
Global
	GlobalSection(SolutionConfigurationPlatforms) = preSolution
		Debug|Any CPU = Debug|Any CPU
		Release|Any CPU = Release|Any CPU
	EndGlobalSection
	GlobalSection(ProjectConfigurationPlatforms) = postSolution
		{42DF2588-878E-414E-8385-81321E9D5D92}.Debug|Any CPU.ActiveCfg = Debug|Any CPU
		{42DF2588-878E-414E-8385-81321E9D5D92}.Debug|Any CPU.Build.0 = Debug|Any CPU
		{42DF2588-878E-414E-8385-81321E9D5D92}.Release|Any CPU.ActiveCfg = Release|Any CPU
		{42DF2588-878E-414E-8385-81321E9D5D92}.Release|Any CPU.Build.0 = Release|Any CPU
	EndGlobalSection
	GlobalSection(SolutionProperties) = preSolution
		HideSolutionNode = FALSE
	EndGlobalSection
	GlobalSection(ExtensibilityGlobals) = postSolution
		SolutionGuid = {DC591649-1AFF-4DC2-AFC8-14263210D36E}
	EndGlobalSection
EndGlobal
